
Microsoft Visual Studio Solution File, Format Version 12.00
# Visual Studio Version 17
VisualStudioVersion = 17.7.34024.191
MinimumVisualStudioVersion = 10.0.40219.1
Project("{FAE04EC0-301F-11D3-BF4B-00C04F79EFBC}") = "HomeworkMar13.Web", "HomeworkMar13.Web\HomeworkMar13.Web.csproj", "{D0768216-967F-4784-87A8-5D0308D2FB21}"
EndProject
Project("{FAE04EC0-301F-11D3-BF4B-00C04F79EFBC}") = "HomeworkMar13.Data", "HomeworkMar13.Data\HomeworkMar13.Data.csproj", "{880E3F6F-B69B-465A-9CCA-523330E210FF}"
EndProject
Global
	GlobalSection(SolutionConfigurationPlatforms) = preSolution
		Debug|Any CPU = Debug|Any CPU
		Release|Any CPU = Release|Any CPU
	EndGlobalSection
	GlobalSection(ProjectConfigurationPlatforms) = postSolution
		{D0768216-967F-4784-87A8-5D0308D2FB21}.Debug|Any CPU.ActiveCfg = Debug|Any CPU
		{D0768216-967F-4784-87A8-5D0308D2FB21}.Debug|Any CPU.Build.0 = Debug|Any CPU
		{D0768216-967F-4784-87A8-5D0308D2FB21}.Release|Any CPU.ActiveCfg = Release|Any CPU
		{D0768216-967F-4784-87A8-5D0308D2FB21}.Release|Any CPU.Build.0 = Release|Any CPU
		{880E3F6F-B69B-465A-9CCA-523330E210FF}.Debug|Any CPU.ActiveCfg = Debug|Any CPU
		{880E3F6F-B69B-465A-9CCA-523330E210FF}.Debug|Any CPU.Build.0 = Debug|Any CPU
		{880E3F6F-B69B-465A-9CCA-523330E210FF}.Release|Any CPU.ActiveCfg = Release|Any CPU
		{880E3F6F-B69B-465A-9CCA-523330E210FF}.Release|Any CPU.Build.0 = Release|Any CPU
	EndGlobalSection
	GlobalSection(SolutionProperties) = preSolution
		HideSolutionNode = FALSE
	EndGlobalSection
	GlobalSection(ExtensibilityGlobals) = postSolution
		SolutionGuid = {6A941788-A629-4BDD-9C4B-0835828B47F7}
	EndGlobalSection
EndGlobal
